
Microsoft Visual Studio Solution File, Format Version 12.00
# Visual Studio Version 17
VisualStudioVersion = 17.5.33516.290
MinimumVisualStudioVersion = 10.0.40219.1
Project("{FAE04EC0-301F-11D3-BF4B-00C04F79EFBC}") = "BacLab", "BacLab\BacLab.csproj", "{F0F70DD4-26F3-4036-8197-8F6346F3698B}"
EndProject
Project("{FAE04EC0-301F-11D3-BF4B-00C04F79EFBC}") = "TestingCenter", "TestingCenter\TestingCenter.csproj", "{B89BABFD-DA3A-4AF3-BA01-8F949F6BAE5C}"
EndProject
Global
	GlobalSection(SolutionConfigurationPlatforms) = preSolution
		Debug|Any CPU = Debug|Any CPU
		Release|Any CPU = Release|Any CPU
	EndGlobalSection
	GlobalSection(ProjectConfigurationPlatforms) = postSolution
		{F0F70DD4-26F3-4036-8197-8F6346F3698B}.Debug|Any CPU.ActiveCfg = Debug|Any CPU
		{F0F70DD4-26F3-4036-8197-8F6346F3698B}.Debug|Any CPU.Build.0 = Debug|Any CPU
		{F0F70DD4-26F3-4036-8197-8F6346F3698B}.Release|Any CPU.ActiveCfg = Release|Any CPU
		{F0F70DD4-26F3-4036-8197-8F6346F3698B}.Release|Any CPU.Build.0 = Release|Any CPU
		{B89BABFD-DA3A-4AF3-BA01-8F949F6BAE5C}.Debug|Any CPU.ActiveCfg = Debug|Any CPU
		{B89BABFD-DA3A-4AF3-BA01-8F949F6BAE5C}.Debug|Any CPU.Build.0 = Debug|Any CPU
		{B89BABFD-DA3A-4AF3-BA01-8F949F6BAE5C}.Release|Any CPU.ActiveCfg = Release|Any CPU
		{B89BABFD-DA3A-4AF3-BA01-8F949F6BAE5C}.Release|Any CPU.Build.0 = Release|Any CPU
	EndGlobalSection
	GlobalSection(SolutionProperties) = preSolution
		HideSolutionNode = FALSE
	EndGlobalSection
	GlobalSection(ExtensibilityGlobals) = postSolution
		SolutionGuid = {3463B499-2FF5-41CD-995C-DAF8800167CE}
	EndGlobalSection
EndGlobal
